{
  "requires": true,
  "lockfileVersion": 1,
  "dependencies": {
    "@angular/animations": {
      "version": "9.1.7",
      "resolved": "https://registry.npmjs.org/@angular/animations/-/animations-9.1.7.tgz",
      "integrity": "sha512-1wW8ndGMLDuE2LpTN2RNRz1Dt7JgVBeVmOPMgzoA7g1uuvm+jESTrGG7W3BzLzG0BE2TeXt0fY90o4iU+S2Rmg=="
    },
    "@angular/cdk": {
      "version": "9.2.4",
      "resolved": "https://registry.npmjs.org/@angular/cdk/-/cdk-9.2.4.tgz",
      "integrity": "sha512-iw2+qHMXHYVC6K/fttHeNHIieSKiTEodVutZoOEcBu9rmRTGbLB26V/CRsfIRmA1RBk+uFYWc6UQZnMC3RdnJQ==",
      "requires": {
        "parse5": "^5.0.0"
      }
    },
    "@angular/common": {
      "version": "9.1.7",
      "resolved": "https://registry.npmjs.org/@angular/common/-/common-9.1.7.tgz",
      "integrity": "sha512-04ef+J8bnOnjYbdRsm82IdIaaLFZ6QWh4SLtjnYhgCjEe4Stf59g+zRNPMauMFDQYDCp3foPo0djk1CPfEd8AQ=="
    },
    "@angular/core": {
      "version": "9.1.7",
      "resolved": "https://registry.npmjs.org/@angular/core/-/core-9.1.7.tgz",
      "integrity": "sha512-uJSZ+rdGL47gc3A+Fal1XwJYB4WWpYJrNifvoQ2nOs+X5Qu+j0HN6GXPJb4kixoNzjYCGxmLoirdT3xhNZFcfQ=="
    },
    "@angular/material": {
      "version": "9.2.4",
      "resolved": "https://registry.npmjs.org/@angular/material/-/material-9.2.4.tgz",
      "integrity": "sha512-LkoTXE6B0slvMhvfZDdPWaz4yaYLkaAp5VSPunI9pxGsPxzqEV9e210wC1/sjG/76Nk8Ep7/2z9XKac8Q9bMwA=="
    },
    "parse5": {
      "version": "5.1.1",
      "resolved": "https://registry.npmjs.org/parse5/-/parse5-5.1.1.tgz",
      "integrity": "sha512-ugq4DFI0Ptb+WWjAdOK16+u/nHfiIrcE+sh8kZMaM0WllQKLI9rOUq6c2b7cwPkXdzfQESqvoqK6ug7U/Yyzug=="
    }
  }
}
